{
  "lockfileVersion": 1,
  "workspaces": {
    "": {
      "name": "orpcmod",
      "devDependencies": {
        "@ai-sdk/openai-compatible": "^1.0.13",
        "@biomejs/biome": "2.2.2",
        "@types/bun": "latest",
        "ai": "^5.0.29",
        "find-up-simple": "^1.0.1",
        "ts-pattern": "^5.8.0",
      },
      "peerDependencies": {
        "@orpc/server": "^1.8",
        "typescript": "^5",
        "zod": "^4",
      },
    },
  },
  "packages": {
    "@ai-sdk/gateway": ["@ai-sdk/gateway@1.0.15", "", { "dependencies": { "@ai-sdk/provider": "2.0.0", "@ai-sdk/provider-utils": "3.0.7" }, "peerDependencies": { "zod": "^3.25.76 || ^4" } }, "sha512-xySXoQ29+KbGuGfmDnABx+O6vc7Gj7qugmj1kGpn0rW0rQNn6UKUuvscKMzWyv1Uv05GyC1vqHq8ZhEOLfXscQ=="],

    "@ai-sdk/openai-compatible": ["@ai-sdk/openai-compatible@1.0.13", "", { "dependencies": { "@ai-sdk/provider": "2.0.0", "@ai-sdk/provider-utils": "3.0.7" }, "peerDependencies": { "zod": "^3.25.76 || ^4" } }, "sha512-g46fLVWKcVg1XOFzDLoJ0XuhtY5XxxBwMQ0FT/aHwCtg6WUvk3Elrd+MKmgfvhZAdIR7CpUTvgJAAipu4RW75w=="],

    "@ai-sdk/provider": ["@ai-sdk/provider@2.0.0", "", { "dependencies": { "json-schema": "^0.4.0" } }, "sha512-6o7Y2SeO9vFKB8lArHXehNuusnpddKPk7xqL7T2/b+OvXMRIXUO1rR4wcv1hAFUAT9avGZshty3Wlua/XA7TvA=="],

    "@ai-sdk/provider-utils": ["@ai-sdk/provider-utils@3.0.7", "", { "dependencies": { "@ai-sdk/provider": "2.0.0", "@standard-schema/spec": "^1.0.0", "eventsource-parser": "^3.0.5" }, "peerDependencies": { "zod": "^3.25.76 || ^4" } }, "sha512-o3BS5/t8KnBL3ubP8k3w77AByOypLm+pkIL/DCw0qKkhDbvhCy+L3hRTGPikpdb8WHcylAeKsjgwOxhj4cqTUA=="],

    "@biomejs/biome": ["@biomejs/biome@2.2.2", "", { "optionalDependencies": { "@biomejs/cli-darwin-arm64": "2.2.2", "@biomejs/cli-darwin-x64": "2.2.2", "@biomejs/cli-linux-arm64": "2.2.2", "@biomejs/cli-linux-arm64-musl": "2.2.2", "@biomejs/cli-linux-x64": "2.2.2", "@biomejs/cli-linux-x64-musl": "2.2.2", "@biomejs/cli-win32-arm64": "2.2.2", "@biomejs/cli-win32-x64": "2.2.2" }, "bin": { "biome": "bin/biome" } }, "sha512-j1omAiQWCkhuLgwpMKisNKnsM6W8Xtt1l0WZmqY/dFj8QPNkIoTvk4tSsi40FaAAkBE1PU0AFG2RWFBWenAn+w=="],

    "@biomejs/cli-darwin-arm64": ["@biomejs/cli-darwin-arm64@2.2.2", "", { "os": "darwin", "cpu": "arm64" }, "sha512-6ePfbCeCPryWu0CXlzsWNZgVz/kBEvHiPyNpmViSt6A2eoDf4kXs3YnwQPzGjy8oBgQulrHcLnJL0nkCh80mlQ=="],

    "@biomejs/cli-darwin-x64": ["@biomejs/cli-darwin-x64@2.2.2", "", { "os": "darwin", "cpu": "x64" }, "sha512-Tn4JmVO+rXsbRslml7FvKaNrlgUeJot++FkvYIhl1OkslVCofAtS35MPlBMhXgKWF9RNr9cwHanrPTUUXcYGag=="],

    "@biomejs/cli-linux-arm64": ["@biomejs/cli-linux-arm64@2.2.2", "", { "os": "linux", "cpu": "arm64" }, "sha512-JfrK3gdmWWTh2J5tq/rcWCOsImVyzUnOS2fkjhiYKCQ+v8PqM+du5cfB7G1kXas+7KQeKSWALv18iQqdtIMvzw=="],

    "@biomejs/cli-linux-arm64-musl": ["@biomejs/cli-linux-arm64-musl@2.2.2", "", { "os": "linux", "cpu": "arm64" }, "sha512-/MhYg+Bd6renn6i1ylGFL5snYUn/Ct7zoGVKhxnro3bwekiZYE8Kl39BSb0MeuqM+72sThkQv4TnNubU9njQRw=="],

    "@biomejs/cli-linux-x64": ["@biomejs/cli-linux-x64@2.2.2", "", { "os": "linux", "cpu": "x64" }, "sha512-Ogb+77edO5LEP/xbNicACOWVLt8mgC+E1wmpUakr+O4nKwLt9vXe74YNuT3T1dUBxC/SnrVmlzZFC7kQJEfquQ=="],

    "@biomejs/cli-linux-x64-musl": ["@biomejs/cli-linux-x64-musl@2.2.2", "", { "os": "linux", "cpu": "x64" }, "sha512-ZCLXcZvjZKSiRY/cFANKg+z6Fhsf9MHOzj+NrDQcM+LbqYRT97LyCLWy2AS+W2vP+i89RyRM+kbGpUzbRTYWig=="],

    "@biomejs/cli-win32-arm64": ["@biomejs/cli-win32-arm64@2.2.2", "", { "os": "win32", "cpu": "arm64" }, "sha512-wBe2wItayw1zvtXysmHJQoQqXlTzHSpQRyPpJKiNIR21HzH/CrZRDFic1C1jDdp+zAPtqhNExa0owKMbNwW9cQ=="],

    "@biomejs/cli-win32-x64": ["@biomejs/cli-win32-x64@2.2.2", "", { "os": "win32", "cpu": "x64" }, "sha512-DAuHhHekGfiGb6lCcsT4UyxQmVwQiBCBUMwVra/dcOSs9q8OhfaZgey51MlekT3p8UwRqtXQfFuEJBhJNdLZwg=="],

    "@opentelemetry/api": ["@opentelemetry/api@1.9.0", "", {}, "sha512-3giAOQvZiH5F9bMlMiv8+GSPMeqg0dbaeo58/0SlA9sxSqZhnUtxzX9/2FzyhS9sWQf5S0GJE0AKBrFqjpeYcg=="],

    "@orpc/client": ["@orpc/client@1.8.6", "", { "dependencies": { "@orpc/shared": "1.8.6", "@orpc/standard-server": "1.8.6", "@orpc/standard-server-fetch": "1.8.6", "@orpc/standard-server-peer": "1.8.6" } }, "sha512-DsQnmyh1tARlIdQfotasZYFnuYiOkohA3sZo3EpEYifAC4d0w7W/ctE1yDqX9U0Pb5zfTci+Y1B/6PURQvefXQ=="],

    "@orpc/contract": ["@orpc/contract@1.8.6", "", { "dependencies": { "@orpc/client": "1.8.6", "@orpc/shared": "1.8.6", "@standard-schema/spec": "^1.0.0", "openapi-types": "^12.1.3" } }, "sha512-PJcW/Wyk77QoqUmM2PimEA4R/h3CU2GZAChqYPS8MQ40LfL5LpR7GqRADoK6krVz+NHA+Eyx7WgDHNnqSTAa2g=="],

    "@orpc/interop": ["@orpc/interop@1.8.6", "", {}, "sha512-MoG5Y8t7T8nVYUet9mTVdCoAmKtN1pQDEcp6E3mxSm1GzB7TqnMYSxlT8JT29OYpsENP+OE5NiDhN1dy+LVANg=="],

    "@orpc/server": ["@orpc/server@1.8.6", "", { "dependencies": { "@orpc/client": "1.8.6", "@orpc/contract": "1.8.6", "@orpc/interop": "1.8.6", "@orpc/shared": "1.8.6", "@orpc/standard-server": "1.8.6", "@orpc/standard-server-aws-lambda": "1.8.6", "@orpc/standard-server-fetch": "1.8.6", "@orpc/standard-server-node": "1.8.6", "@orpc/standard-server-peer": "1.8.6", "cookie": "^1.0.2" }, "peerDependencies": { "crossws": ">=0.3.4", "ws": ">=8.18.1" }, "optionalPeers": ["crossws", "ws"] }, "sha512-4F8b+7OY/FCYws7xutNHkqfc01x+1ygbtgLklP47ekFeqsAdRiIw+v34oZpoVA+diJxp6sri82rm4XHBmoUXvg=="],

    "@orpc/shared": ["@orpc/shared@1.8.6", "", { "dependencies": { "radash": "^12.1.1", "type-fest": "^4.39.1" }, "peerDependencies": { "@opentelemetry/api": ">=1.9.0" }, "optionalPeers": ["@opentelemetry/api"] }, "sha512-laRl5tvBZTFQVvdS7tWN83xlY7w7xVcn/U7GFVsy2a/lTBg4o0sK+bdN8EUGm0ijwxH1gOhUvbwinnSuXVRL8A=="],

    "@orpc/standard-server": ["@orpc/standard-server@1.8.6", "", { "dependencies": { "@orpc/shared": "1.8.6" } }, "sha512-py33OG4Mpu2LIA9Oo8lNH0THo7dcDwFPewiTYVXJ1zQN7SDHtIp+bWmtWgK81fUy5k/s5nM36hoGLojVw/1GZQ=="],

    "@orpc/standard-server-aws-lambda": ["@orpc/standard-server-aws-lambda@1.8.6", "", { "dependencies": { "@orpc/shared": "1.8.6", "@orpc/standard-server": "1.8.6", "@orpc/standard-server-fetch": "1.8.6", "@orpc/standard-server-node": "1.8.6" } }, "sha512-VI+SB0swcH8w4JaKm5eoLccw1abbwVH7nWcoIag6vQeDd7LYMvPO1ZViOdQwVJZeTLxZ+j1aQykAPqgmFICSKw=="],

    "@orpc/standard-server-fetch": ["@orpc/standard-server-fetch@1.8.6", "", { "dependencies": { "@orpc/shared": "1.8.6", "@orpc/standard-server": "1.8.6" } }, "sha512-nwGfOFju9E5n8n3b7KdSvrewY9Sxr9Je9Pb6QvRiKn6BGispenqYApi9wkfnmLcwhxzjxeZwY3cNf8HNxcz0+g=="],

    "@orpc/standard-server-node": ["@orpc/standard-server-node@1.8.6", "", { "dependencies": { "@orpc/shared": "1.8.6", "@orpc/standard-server": "1.8.6", "@orpc/standard-server-fetch": "1.8.6" } }, "sha512-Ar3UYoygyJrN39eS8eHNOiaYoI4tJptoKo/2eiFNS1s5k+GjN9f5p9Pywr1iH47KjkHpBcXqusyucpX2/lEYtw=="],

    "@orpc/standard-server-peer": ["@orpc/standard-server-peer@1.8.6", "", { "dependencies": { "@orpc/shared": "1.8.6", "@orpc/standard-server": "1.8.6" } }, "sha512-71K+DhksuJOI/pYzpYYfUyvDTIYx86i5ooBkG5bUlYmr+zFANiUnvBEGhndB/+Kt9ZloOtrY2gk4UaoJFuKx6w=="],

    "@standard-schema/spec": ["@standard-schema/spec@1.0.0", "", {}, "sha512-m2bOd0f2RT9k8QJx1JN85cZYyH1RqFBdlwtkSlf4tBDYLCiiZnv1fIIwacK6cqwXavOydf0NPToMQgpKq+dVlA=="],

    "@types/bun": ["@types/bun@1.2.21", "", { "dependencies": { "bun-types": "1.2.21" } }, "sha512-NiDnvEqmbfQ6dmZ3EeUO577s4P5bf4HCTXtI6trMc6f6RzirY5IrF3aIookuSpyslFzrnvv2lmEWv5HyC1X79A=="],

    "@types/node": ["@types/node@24.3.0", "", { "dependencies": { "undici-types": "~7.10.0" } }, "sha512-aPTXCrfwnDLj4VvXrm+UUCQjNEvJgNA8s5F1cvwQU+3KNltTOkBm1j30uNLyqqPNe7gE3KFzImYoZEfLhp4Yow=="],

    "@types/react": ["@types/react@19.1.12", "", { "dependencies": { "csstype": "^3.0.2" } }, "sha512-cMoR+FoAf/Jyq6+Df2/Z41jISvGZZ2eTlnsaJRptmZ76Caldwy1odD4xTr/gNV9VLj0AWgg/nmkevIyUfIIq5w=="],

    "ai": ["ai@5.0.29", "", { "dependencies": { "@ai-sdk/gateway": "1.0.15", "@ai-sdk/provider": "2.0.0", "@ai-sdk/provider-utils": "3.0.7", "@opentelemetry/api": "1.9.0" }, "peerDependencies": { "zod": "^3.25.76 || ^4" } }, "sha512-jA/d6X5hn3r/PxgZjwzDUMJiEkLBIVVD2gcbpcT/FD4MSLxm5sn6fH1y2VFXVgBEd95mNzQ8ALQubysc6E8Y9g=="],

    "bun-types": ["bun-types@1.2.21", "", { "dependencies": { "@types/node": "*" }, "peerDependencies": { "@types/react": "^19" } }, "sha512-sa2Tj77Ijc/NTLS0/Odjq/qngmEPZfbfnOERi0KRUYhT9R8M4VBioWVmMWE5GrYbKMc+5lVybXygLdibHaqVqw=="],

    "cookie": ["cookie@1.0.2", "", {}, "sha512-9Kr/j4O16ISv8zBBhJoi4bXOYNTkFLOqSL3UDB0njXxCXNezjeyVrJyGOWtgfs/q2km1gwBcfH8q1yEGoMYunA=="],

    "csstype": ["csstype@3.1.3", "", {}, "sha512-M1uQkMl8rQK/szD0LNhtqxIPLpimGm8sOBwU7lLnCpSbTyY3yeU1Vc7l4KT5zT4s/yOxHH5O7tIuuLOCnLADRw=="],

    "eventsource-parser": ["eventsource-parser@3.0.6", "", {}, "sha512-Vo1ab+QXPzZ4tCa8SwIHJFaSzy4R6SHf7BY79rFBDf0idraZWAkYrDjDj8uWaSm3S2TK+hJ7/t1CEmZ7jXw+pg=="],

    "find-up-simple": ["find-up-simple@1.0.1", "", {}, "sha512-afd4O7zpqHeRyg4PfDQsXmlDe2PfdHtJt6Akt8jOWaApLOZk5JXs6VMR29lz03pRe9mpykrRCYIYxaJYcfpncQ=="],

    "json-schema": ["json-schema@0.4.0", "", {}, "sha512-es94M3nTIfsEPisRafak+HDLfHXnKBhV3vU5eqPcS3flIWqcxJWgXHXiey3YrpaNsanY5ei1VoYEbOzijuq9BA=="],

    "openapi-types": ["openapi-types@12.1.3", "", {}, "sha512-N4YtSYJqghVu4iek2ZUvcN/0aqH1kRDuNqzcycDxhOUpg7GdvLa2F3DgS6yBNhInhv2r/6I0Flkn7CqL8+nIcw=="],

    "radash": ["radash@12.1.1", "", {}, "sha512-h36JMxKRqrAxVD8201FrCpyeNuUY9Y5zZwujr20fFO77tpUtGa6EZzfKw/3WaiBX95fq7+MpsuMLNdSnORAwSA=="],

    "ts-pattern": ["ts-pattern@5.8.0", "", {}, "sha512-kIjN2qmWiHnhgr5DAkAafF9fwb0T5OhMVSWrm8XEdTFnX6+wfXwYOFjeF86UZ54vduqiR7BfqScFmXSzSaH8oA=="],

    "type-fest": ["type-fest@4.41.0", "", {}, "sha512-TeTSQ6H5YHvpqVwBRcnLDCBnDOHWYu7IvGbHT6N8AOymcr9PJGjc1GTtiWZTYg0NCgYwvnYWEkVChQAr9bjfwA=="],

    "typescript": ["typescript@5.9.2", "", { "bin": { "tsc": "bin/tsc", "tsserver": "bin/tsserver" } }, "sha512-CWBzXQrc/qOkhidw1OzBTQuYRbfyxDXJMVJ1XNwUHGROVmuaeiEm3OslpZ1RV96d7SKKjZKrSJu3+t/xlw3R9A=="],

    "undici-types": ["undici-types@7.10.0", "", {}, "sha512-t5Fy/nfn+14LuOc2KNYg75vZqClpAiqscVvMygNnlsHBFpSXdJaYtXMcdNLpl/Qvc3P2cB3s6lOV51nqsFq4ag=="],

    "zod": ["zod@4.1.5", "", {}, "sha512-rcUUZqlLJgBC33IT3PNMgsCq6TzLQEG/Ei/KTCU0PedSWRMAXoOUN+4t/0H+Q8bdnLPdqUYnvboJT0bn/229qg=="],
  }
}
